
Microsoft Visual Studio Solution File, Format Version 12.00
# Visual Studio Version 16
VisualStudioVersion = 16.0.29728.190
MinimumVisualStudioVersion = 10.0.40219.1
Project("{9A19103F-16F7-4668-BE54-9A1E7A4F7556}") = "PaymentManagement", "PaymentManagement\PaymentManagement.csproj", "{B649269A-032A-4EB1-85DA-7C8D41FCDBE4}"
EndProject
Project("{9A19103F-16F7-4668-BE54-9A1E7A4F7556}") = "PaymentTest", "PaymentTest\PaymentTest.csproj", "{0E57BD36-210F-424D-A0F1-FB8F68B3C916}"
EndProject
Global
	GlobalSection(SolutionConfigurationPlatforms) = preSolution
		Debug|Any CPU = Debug|Any CPU
		Release|Any CPU = Release|Any CPU
	EndGlobalSection
	GlobalSection(ProjectConfigurationPlatforms) = postSolution
		{B649269A-032A-4EB1-85DA-7C8D41FCDBE4}.Debug|Any CPU.ActiveCfg = Debug|Any CPU
		{B649269A-032A-4EB1-85DA-7C8D41FCDBE4}.Debug|Any CPU.Build.0 = Debug|Any CPU
		{B649269A-032A-4EB1-85DA-7C8D41FCDBE4}.Release|Any CPU.ActiveCfg = Release|Any CPU
		{B649269A-032A-4EB1-85DA-7C8D41FCDBE4}.Release|Any CPU.Build.0 = Release|Any CPU
		{0E57BD36-210F-424D-A0F1-FB8F68B3C916}.Debug|Any CPU.ActiveCfg = Debug|Any CPU
		{0E57BD36-210F-424D-A0F1-FB8F68B3C916}.Debug|Any CPU.Build.0 = Debug|Any CPU
		{0E57BD36-210F-424D-A0F1-FB8F68B3C916}.Release|Any CPU.ActiveCfg = Release|Any CPU
		{0E57BD36-210F-424D-A0F1-FB8F68B3C916}.Release|Any CPU.Build.0 = Release|Any CPU
	EndGlobalSection
	GlobalSection(SolutionProperties) = preSolution
		HideSolutionNode = FALSE
	EndGlobalSection
	GlobalSection(ExtensibilityGlobals) = postSolution
		SolutionGuid = {C3ADC2FE-9888-413B-A192-AE723327F04F}
	EndGlobalSection
EndGlobal
